
Microsoft Visual Studio Solution File, Format Version 12.00
# Visual Studio Version 17
VisualStudioVersion = 17.2.32630.192
MinimumVisualStudioVersion = 10.0.40219.1
Project("{9A19103F-16F7-4668-BE54-9A1E7A4F7556}") = "FindDox.Api", "FindDoxBackend\FindDox.Api.csproj", "{FA3E15F5-768B-4DE9-8646-4D7941A5C7FE}"
EndProject
Project("{2150E333-8FDC-42A3-9474-1A3956D46DE8}") = "Source", "Source", "{5C823F77-E097-4B7D-BE0C-BEC3F5ECCAFB}"
EndProject
Project("{2150E333-8FDC-42A3-9474-1A3956D46DE8}") = "Presentation", "Presentation", "{B8FA9AEB-CC31-4B6A-8D40-583148D0113D}"
EndProject
Project("{2150E333-8FDC-42A3-9474-1A3956D46DE8}") = "Infrastructure", "Infrastructure", "{DBC68E09-687D-48D9-825C-80092917F104}"
EndProject
Project("{2150E333-8FDC-42A3-9474-1A3956D46DE8}") = "Domain", "Domain", "{F3044555-78E0-4C58-9EA9-8270A7A2573F}"
EndProject
Project("{2150E333-8FDC-42A3-9474-1A3956D46DE8}") = "Persistence", "Persistence", "{667AE534-79A8-4F45-966C-D937989E917D}"
EndProject
Project("{FAE04EC0-301F-11D3-BF4B-00C04F79EFBC}") = "FindDox.Models", "FindDox.Models\FindDox.Models.csproj", "{E59675E9-3198-4A5A-940A-2958035CC096}"
EndProject
Project("{FAE04EC0-301F-11D3-BF4B-00C04F79EFBC}") = "FindDox.Abstractions", "FindDox.Abstractions\FindDox.Abstractions.csproj", "{0C6957CA-5399-4150-85D4-408701E6B18F}"
EndProject
Project("{FAE04EC0-301F-11D3-BF4B-00C04F79EFBC}") = "FindDox.Common", "FindDox.Common\FindDox.Common.csproj", "{EBF43FED-D7B2-4D65-9632-9ED05A530416}"
EndProject
Project("{FAE04EC0-301F-11D3-BF4B-00C04F79EFBC}") = "FindDox.Services", "FindDox.Services\FindDox.Services.csproj", "{C415392D-D344-4E25-BBE5-977C0453C413}"
EndProject
Project("{FAE04EC0-301F-11D3-BF4B-00C04F79EFBC}") = "FindDox.DataAccess.EF", "FindDox.DataAccess.EF\FindDox.DataAccess.EF.csproj", "{9CCEEB0C-6DA3-41DB-A3E5-651FDA09CC4E}"
EndProject
Global
	GlobalSection(SolutionConfigurationPlatforms) = preSolution
		Debug|Any CPU = Debug|Any CPU
		Release|Any CPU = Release|Any CPU
	EndGlobalSection
	GlobalSection(ProjectConfigurationPlatforms) = postSolution
		{FA3E15F5-768B-4DE9-8646-4D7941A5C7FE}.Debug|Any CPU.ActiveCfg = Debug|Any CPU
		{FA3E15F5-768B-4DE9-8646-4D7941A5C7FE}.Debug|Any CPU.Build.0 = Debug|Any CPU
		{FA3E15F5-768B-4DE9-8646-4D7941A5C7FE}.Release|Any CPU.ActiveCfg = Release|Any CPU
		{FA3E15F5-768B-4DE9-8646-4D7941A5C7FE}.Release|Any CPU.Build.0 = Release|Any CPU
		{E59675E9-3198-4A5A-940A-2958035CC096}.Debug|Any CPU.ActiveCfg = Debug|Any CPU
		{E59675E9-3198-4A5A-940A-2958035CC096}.Debug|Any CPU.Build.0 = Debug|Any CPU
		{E59675E9-3198-4A5A-940A-2958035CC096}.Release|Any CPU.ActiveCfg = Release|Any CPU
		{E59675E9-3198-4A5A-940A-2958035CC096}.Release|Any CPU.Build.0 = Release|Any CPU
		{0C6957CA-5399-4150-85D4-408701E6B18F}.Debug|Any CPU.ActiveCfg = Debug|Any CPU
		{0C6957CA-5399-4150-85D4-408701E6B18F}.Debug|Any CPU.Build.0 = Debug|Any CPU
		{0C6957CA-5399-4150-85D4-408701E6B18F}.Release|Any CPU.ActiveCfg = Release|Any CPU
		{0C6957CA-5399-4150-85D4-408701E6B18F}.Release|Any CPU.Build.0 = Release|Any CPU
		{EBF43FED-D7B2-4D65-9632-9ED05A530416}.Debug|Any CPU.ActiveCfg = Debug|Any CPU
		{EBF43FED-D7B2-4D65-9632-9ED05A530416}.Debug|Any CPU.Build.0 = Debug|Any CPU
		{EBF43FED-D7B2-4D65-9632-9ED05A530416}.Release|Any CPU.ActiveCfg = Release|Any CPU
		{EBF43FED-D7B2-4D65-9632-9ED05A530416}.Release|Any CPU.Build.0 = Release|Any CPU
		{C415392D-D344-4E25-BBE5-977C0453C413}.Debug|Any CPU.ActiveCfg = Debug|Any CPU
		{C415392D-D344-4E25-BBE5-977C0453C413}.Debug|Any CPU.Build.0 = Debug|Any CPU
		{C415392D-D344-4E25-BBE5-977C0453C413}.Release|Any CPU.ActiveCfg = Release|Any CPU
		{C415392D-D344-4E25-BBE5-977C0453C413}.Release|Any CPU.Build.0 = Release|Any CPU
		{9CCEEB0C-6DA3-41DB-A3E5-651FDA09CC4E}.Debug|Any CPU.ActiveCfg = Debug|Any CPU
		{9CCEEB0C-6DA3-41DB-A3E5-651FDA09CC4E}.Debug|Any CPU.Build.0 = Debug|Any CPU
		{9CCEEB0C-6DA3-41DB-A3E5-651FDA09CC4E}.Release|Any CPU.ActiveCfg = Release|Any CPU
		{9CCEEB0C-6DA3-41DB-A3E5-651FDA09CC4E}.Release|Any CPU.Build.0 = Release|Any CPU
	EndGlobalSection
	GlobalSection(SolutionProperties) = preSolution
		HideSolutionNode = FALSE
	EndGlobalSection
	GlobalSection(NestedProjects) = preSolution
		{FA3E15F5-768B-4DE9-8646-4D7941A5C7FE} = {B8FA9AEB-CC31-4B6A-8D40-583148D0113D}
		{B8FA9AEB-CC31-4B6A-8D40-583148D0113D} = {5C823F77-E097-4B7D-BE0C-BEC3F5ECCAFB}
		{DBC68E09-687D-48D9-825C-80092917F104} = {5C823F77-E097-4B7D-BE0C-BEC3F5ECCAFB}
		{F3044555-78E0-4C58-9EA9-8270A7A2573F} = {5C823F77-E097-4B7D-BE0C-BEC3F5ECCAFB}
		{667AE534-79A8-4F45-966C-D937989E917D} = {5C823F77-E097-4B7D-BE0C-BEC3F5ECCAFB}
		{E59675E9-3198-4A5A-940A-2958035CC096} = {F3044555-78E0-4C58-9EA9-8270A7A2573F}
		{0C6957CA-5399-4150-85D4-408701E6B18F} = {F3044555-78E0-4C58-9EA9-8270A7A2573F}
		{EBF43FED-D7B2-4D65-9632-9ED05A530416} = {F3044555-78E0-4C58-9EA9-8270A7A2573F}
		{C415392D-D344-4E25-BBE5-977C0453C413} = {DBC68E09-687D-48D9-825C-80092917F104}
		{9CCEEB0C-6DA3-41DB-A3E5-651FDA09CC4E} = {667AE534-79A8-4F45-966C-D937989E917D}
	EndGlobalSection
	GlobalSection(ExtensibilityGlobals) = postSolution
		SolutionGuid = {B8498929-E607-406D-A756-B1C21C1AA3B4}
	EndGlobalSection
EndGlobal
